
Microsoft Visual Studio Solution File, Format Version 12.00
# Visual Studio Version 17
VisualStudioVersion = 17.14.36705.20
MinimumVisualStudioVersion = 10.0.40219.1
Project("{FAE04EC0-301F-11D3-BF4B-00C04F79EFBC}") = "projectt", "projectt\projectt.csproj", "{4CE1629C-F56F-4D61-842C-76B780034529}"
EndProject
Project("{FAE04EC0-301F-11D3-BF4B-00C04F79EFBC}") = "2", "2\2.csproj", "{A9C49152-4731-4AFC-83B7-FAE33FC5C53D}"
EndProject
Project("{FAE04EC0-301F-11D3-BF4B-00C04F79EFBC}") = "3", "3\3.csproj", "{261F5A6A-51E0-49E1-A735-34C9E2F3D499}"
EndProject
Project("{FAE04EC0-301F-11D3-BF4B-00C04F79EFBC}") = "4", "4\4.csproj", "{05356F7E-7C89-42BA-99BE-587F710B0F25}"
EndProject
Project("{FAE04EC0-301F-11D3-BF4B-00C04F79EFBC}") = "pr1", "pr1\pr1.csproj", "{8C9580EE-0863-4042-B772-73C747EE54E6}"
EndProject
Project("{FAE04EC0-301F-11D3-BF4B-00C04F79EFBC}") = "pr2", "pr2\pr2.csproj", "{E0594E28-8E2C-474C-976B-A53E776EA041}"
EndProject
Project("{FAE04EC0-301F-11D3-BF4B-00C04F79EFBC}") = "pr3", "pr3\pr3.csproj", "{E21AC107-42F9-4B75-8629-7927B1B0E8B2}"
EndProject
Project("{FAE04EC0-301F-11D3-BF4B-00C04F79EFBC}") = "pr4", "pr4\pr4.csproj", "{703011FE-F99B-4F75-9B29-1ADC7923391A}"
EndProject
Project("{FAE04EC0-301F-11D3-BF4B-00C04F79EFBC}") = "pr5", "pr5\pr5.csproj", "{A82C02A1-150B-450D-91E5-490CA301A7DC}"
EndProject
Project("{FAE04EC0-301F-11D3-BF4B-00C04F79EFBC}") = "pr6", "pr6\pr6.csproj", "{B50C4B96-AD3E-466A-AF6C-865F10A1709E}"
EndProject
Project("{FAE04EC0-301F-11D3-BF4B-00C04F79EFBC}") = "pr7", "pr7\pr7.csproj", "{93B539EF-60DD-44C9-A505-5F49C18F6F58}"
EndProject
Project("{FAE04EC0-301F-11D3-BF4B-00C04F79EFBC}") = "zadanie", "zadanie\zadanie.csproj", "{9BA8C6F9-83C1-43E9-A37E-30A392FEBBCB}"
EndProject
Project("{FAE04EC0-301F-11D3-BF4B-00C04F79EFBC}") = "tema", "tema\tema.csproj", "{7F68FBEE-E350-4DD1-87FF-250411DB5EF5}"
EndProject
Project("{FAE04EC0-301F-11D3-BF4B-00C04F79EFBC}") = "tema2", "tema2\tema2.csproj", "{8AD4E282-52AC-49B6-8151-9D18C944DC9B}"
EndProject
Project("{FAE04EC0-301F-11D3-BF4B-00C04F79EFBC}") = "dinmass", "dinmass\dinmass.csproj", "{029F05B9-72AB-4C94-A100-FF639412FEDD}"
EndProject
Project("{FAE04EC0-301F-11D3-BF4B-00C04F79EFBC}") = "2pr1", "2pr1\2pr1.csproj", "{A4F45700-32A1-49DC-B124-CFE680A64002}"
EndProject
Project("{FAE04EC0-301F-11D3-BF4B-00C04F79EFBC}") = "2pr2", "2pr2\2pr2.csproj", "{D9209AFE-ACFC-48AE-8A2B-4BC28B6EE5CA}"
EndProject
Project("{FAE04EC0-301F-11D3-BF4B-00C04F79EFBC}") = "2pr3", "2pr3\2pr3.csproj", "{6B2CA3CE-6B5C-48D1-9F46-EDCA3B777D61}"
EndProject
Project("{FAE04EC0-301F-11D3-BF4B-00C04F79EFBC}") = "2pr4", "2pr4\2pr4.csproj", "{C2A4BD75-E0B4-41A9-8E0A-813074F999AC}"
EndProject
Project("{FAE04EC0-301F-11D3-BF4B-00C04F79EFBC}") = "2pr5", "2pr5\2pr5.csproj", "{0B85C96D-2A67-434D-B54C-894884916414}"
EndProject
Global
	GlobalSection(SolutionConfigurationPlatforms) = preSolution
		Debug|Any CPU = Debug|Any CPU
		Release|Any CPU = Release|Any CPU
	EndGlobalSection
	GlobalSection(ProjectConfigurationPlatforms) = postSolution
		{4CE1629C-F56F-4D61-842C-76B780034529}.Debug|Any CPU.ActiveCfg = Debug|Any CPU
		{4CE1629C-F56F-4D61-842C-76B780034529}.Debug|Any CPU.Build.0 = Debug|Any CPU
		{4CE1629C-F56F-4D61-842C-76B780034529}.Release|Any CPU.ActiveCfg = Release|Any CPU
		{4CE1629C-F56F-4D61-842C-76B780034529}.Release|Any CPU.Build.0 = Release|Any CPU
		{A9C49152-4731-4AFC-83B7-FAE33FC5C53D}.Debug|Any CPU.ActiveCfg = Debug|Any CPU
		{A9C49152-4731-4AFC-83B7-FAE33FC5C53D}.Debug|Any CPU.Build.0 = Debug|Any CPU
		{A9C49152-4731-4AFC-83B7-FAE33FC5C53D}.Release|Any CPU.ActiveCfg = Release|Any CPU
		{A9C49152-4731-4AFC-83B7-FAE33FC5C53D}.Release|Any CPU.Build.0 = Release|Any CPU
		{261F5A6A-51E0-49E1-A735-34C9E2F3D499}.Debug|Any CPU.ActiveCfg = Debug|Any CPU
		{261F5A6A-51E0-49E1-A735-34C9E2F3D499}.Debug|Any CPU.Build.0 = Debug|Any CPU
		{261F5A6A-51E0-49E1-A735-34C9E2F3D499}.Release|Any CPU.ActiveCfg = Release|Any CPU
		{261F5A6A-51E0-49E1-A735-34C9E2F3D499}.Release|Any CPU.Build.0 = Release|Any CPU
		{05356F7E-7C89-42BA-99BE-587F710B0F25}.Debug|Any CPU.ActiveCfg = Debug|Any CPU
		{05356F7E-7C89-42BA-99BE-587F710B0F25}.Debug|Any CPU.Build.0 = Debug|Any CPU
		{05356F7E-7C89-42BA-99BE-587F710B0F25}.Release|Any CPU.ActiveCfg = Release|Any CPU
		{05356F7E-7C89-42BA-99BE-587F710B0F25}.Release|Any CPU.Build.0 = Release|Any CPU
		{8C9580EE-0863-4042-B772-73C747EE54E6}.Debug|Any CPU.ActiveCfg = Debug|Any CPU
		{8C9580EE-0863-4042-B772-73C747EE54E6}.Debug|Any CPU.Build.0 = Debug|Any CPU
		{8C9580EE-0863-4042-B772-73C747EE54E6}.Release|Any CPU.ActiveCfg = Release|Any CPU
		{8C9580EE-0863-4042-B772-73C747EE54E6}.Release|Any CPU.Build.0 = Release|Any CPU
		{E0594E28-8E2C-474C-976B-A53E776EA041}.Debug|Any CPU.ActiveCfg = Debug|Any CPU
		{E0594E28-8E2C-474C-976B-A53E776EA041}.Debug|Any CPU.Build.0 = Debug|Any CPU
		{E0594E28-8E2C-474C-976B-A53E776EA041}.Release|Any CPU.ActiveCfg = Release|Any CPU
		{E0594E28-8E2C-474C-976B-A53E776EA041}.Release|Any CPU.Build.0 = Release|Any CPU
		{E21AC107-42F9-4B75-8629-7927B1B0E8B2}.Debug|Any CPU.ActiveCfg = Debug|Any CPU
		{E21AC107-42F9-4B75-8629-7927B1B0E8B2}.Debug|Any CPU.Build.0 = Debug|Any CPU
		{E21AC107-42F9-4B75-8629-7927B1B0E8B2}.Release|Any CPU.ActiveCfg = Release|Any CPU
		{E21AC107-42F9-4B75-8629-7927B1B0E8B2}.Release|Any CPU.Build.0 = Release|Any CPU
		{703011FE-F99B-4F75-9B29-1ADC7923391A}.Debug|Any CPU.ActiveCfg = Debug|Any CPU
		{703011FE-F99B-4F75-9B29-1ADC7923391A}.Debug|Any CPU.Build.0 = Debug|Any CPU
		{703011FE-F99B-4F75-9B29-1ADC7923391A}.Release|Any CPU.ActiveCfg = Release|Any CPU
		{703011FE-F99B-4F75-9B29-1ADC7923391A}.Release|Any CPU.Build.0 = Release|Any CPU
		{A82C02A1-150B-450D-91E5-490CA301A7DC}.Debug|Any CPU.ActiveCfg = Debug|Any CPU
		{A82C02A1-150B-450D-91E5-490CA301A7DC}.Debug|Any CPU.Build.0 = Debug|Any CPU
		{A82C02A1-150B-450D-91E5-490CA301A7DC}.Release|Any CPU.ActiveCfg = Release|Any CPU
		{A82C02A1-150B-450D-91E5-490CA301A7DC}.Release|Any CPU.Build.0 = Release|Any CPU
		{B50C4B96-AD3E-466A-AF6C-865F10A1709E}.Debug|Any CPU.ActiveCfg = Debug|Any CPU
		{B50C4B96-AD3E-466A-AF6C-865F10A1709E}.Debug|Any CPU.Build.0 = Debug|Any CPU
		{B50C4B96-AD3E-466A-AF6C-865F10A1709E}.Release|Any CPU.ActiveCfg = Release|Any CPU
		{B50C4B96-AD3E-466A-AF6C-865F10A1709E}.Release|Any CPU.Build.0 = Release|Any CPU
		{93B539EF-60DD-44C9-A505-5F49C18F6F58}.Debug|Any CPU.ActiveCfg = Debug|Any CPU
		{93B539EF-60DD-44C9-A505-5F49C18F6F58}.Debug|Any CPU.Build.0 = Debug|Any CPU
		{93B539EF-60DD-44C9-A505-5F49C18F6F58}.Release|Any CPU.ActiveCfg = Release|Any CPU
		{93B539EF-60DD-44C9-A505-5F49C18F6F58}.Release|Any CPU.Build.0 = Release|Any CPU
		{9BA8C6F9-83C1-43E9-A37E-30A392FEBBCB}.Debug|Any CPU.ActiveCfg = Debug|Any CPU
		{9BA8C6F9-83C1-43E9-A37E-30A392FEBBCB}.Debug|Any CPU.Build.0 = Debug|Any CPU
		{9BA8C6F9-83C1-43E9-A37E-30A392FEBBCB}.Release|Any CPU.ActiveCfg = Release|Any CPU
		{9BA8C6F9-83C1-43E9-A37E-30A392FEBBCB}.Release|Any CPU.Build.0 = Release|Any CPU
		{7F68FBEE-E350-4DD1-87FF-250411DB5EF5}.Debug|Any CPU.ActiveCfg = Debug|Any CPU
		{7F68FBEE-E350-4DD1-87FF-250411DB5EF5}.Debug|Any CPU.Build.0 = Debug|Any CPU
		{7F68FBEE-E350-4DD1-87FF-250411DB5EF5}.Release|Any CPU.ActiveCfg = Release|Any CPU
		{7F68FBEE-E350-4DD1-87FF-250411DB5EF5}.Release|Any CPU.Build.0 = Release|Any CPU
		{8AD4E282-52AC-49B6-8151-9D18C944DC9B}.Debug|Any CPU.ActiveCfg = Debug|Any CPU
		{8AD4E282-52AC-49B6-8151-9D18C944DC9B}.Debug|Any CPU.Build.0 = Debug|Any CPU
		{8AD4E282-52AC-49B6-8151-9D18C944DC9B}.Release|Any CPU.ActiveCfg = Release|Any CPU
		{8AD4E282-52AC-49B6-8151-9D18C944DC9B}.Release|Any CPU.Build.0 = Release|Any CPU
		{029F05B9-72AB-4C94-A100-FF639412FEDD}.Debug|Any CPU.ActiveCfg = Debug|Any CPU
		{029F05B9-72AB-4C94-A100-FF639412FEDD}.Debug|Any CPU.Build.0 = Debug|Any CPU
		{029F05B9-72AB-4C94-A100-FF639412FEDD}.Release|Any CPU.ActiveCfg = Release|Any CPU
		{029F05B9-72AB-4C94-A100-FF639412FEDD}.Release|Any CPU.Build.0 = Release|Any CPU
		{A4F45700-32A1-49DC-B124-CFE680A64002}.Debug|Any CPU.ActiveCfg = Debug|Any CPU
		{A4F45700-32A1-49DC-B124-CFE680A64002}.Debug|Any CPU.Build.0 = Debug|Any CPU
		{A4F45700-32A1-49DC-B124-CFE680A64002}.Release|Any CPU.ActiveCfg = Release|Any CPU
		{A4F45700-32A1-49DC-B124-CFE680A64002}.Release|Any CPU.Build.0 = Release|Any CPU
		{D9209AFE-ACFC-48AE-8A2B-4BC28B6EE5CA}.Debug|Any CPU.ActiveCfg = Debug|Any CPU
		{D9209AFE-ACFC-48AE-8A2B-4BC28B6EE5CA}.Debug|Any CPU.Build.0 = Debug|Any CPU
		{D9209AFE-ACFC-48AE-8A2B-4BC28B6EE5CA}.Release|Any CPU.ActiveCfg = Release|Any CPU
		{D9209AFE-ACFC-48AE-8A2B-4BC28B6EE5CA}.Release|Any CPU.Build.0 = Release|Any CPU
		{6B2CA3CE-6B5C-48D1-9F46-EDCA3B777D61}.Debug|Any CPU.ActiveCfg = Debug|Any CPU
		{6B2CA3CE-6B5C-48D1-9F46-EDCA3B777D61}.Debug|Any CPU.Build.0 = Debug|Any CPU
		{6B2CA3CE-6B5C-48D1-9F46-EDCA3B777D61}.Release|Any CPU.ActiveCfg = Release|Any CPU
		{6B2CA3CE-6B5C-48D1-9F46-EDCA3B777D61}.Release|Any CPU.Build.0 = Release|Any CPU
		{C2A4BD75-E0B4-41A9-8E0A-813074F999AC}.Debug|Any CPU.ActiveCfg = Debug|Any CPU
		{C2A4BD75-E0B4-41A9-8E0A-813074F999AC}.Debug|Any CPU.Build.0 = Debug|Any CPU
		{C2A4BD75-E0B4-41A9-8E0A-813074F999AC}.Release|Any CPU.ActiveCfg = Release|Any CPU
		{C2A4BD75-E0B4-41A9-8E0A-813074F999AC}.Release|Any CPU.Build.0 = Release|Any CPU
		{0B85C96D-2A67-434D-B54C-894884916414}.Debug|Any CPU.ActiveCfg = Debug|Any CPU
		{0B85C96D-2A67-434D-B54C-894884916414}.Debug|Any CPU.Build.0 = Debug|Any CPU
		{0B85C96D-2A67-434D-B54C-894884916414}.Release|Any CPU.ActiveCfg = Release|Any CPU
		{0B85C96D-2A67-434D-B54C-894884916414}.Release|Any CPU.Build.0 = Release|Any CPU
	EndGlobalSection
	GlobalSection(SolutionProperties) = preSolution
		HideSolutionNode = FALSE
	EndGlobalSection
	GlobalSection(ExtensibilityGlobals) = postSolution
		SolutionGuid = {1297B522-3AF1-4B4F-93A9-7FE0D4FED74A}
	EndGlobalSection
EndGlobal
